
Microsoft Visual Studio Solution File, Format Version 12.00
# Visual Studio Version 17
VisualStudioVersion = 17.8.34511.84
MinimumVisualStudioVersion = 10.0.40219.1
Project("{FAE04EC0-301F-11D3-BF4B-00C04F79EFBC}") = "BusinessApplicationProject", "BusinessApplicationProject.csproj", "{6DF4FDD8-D33F-48DB-ABBC-26D1F80142E6}"
EndProject
Project("{FAE04EC0-301F-11D3-BF4B-00C04F79EFBC}") = "BusinessApplicationProject.Tests", "..\BusinessApplicationProject.Tests\BusinessApplicationProject.Tests.csproj", "{72A93DCD-56FC-41A7-8B7E-69B3AC63240C}"
EndProject
Global
	GlobalSection(SolutionConfigurationPlatforms) = preSolution
		Debug|Any CPU = Debug|Any CPU
		Release|Any CPU = Release|Any CPU
	EndGlobalSection
	GlobalSection(ProjectConfigurationPlatforms) = postSolution
		{6DF4FDD8-D33F-48DB-ABBC-26D1F80142E6}.Debug|Any CPU.ActiveCfg = Debug|Any CPU
		{6DF4FDD8-D33F-48DB-ABBC-26D1F80142E6}.Debug|Any CPU.Build.0 = Debug|Any CPU
		{6DF4FDD8-D33F-48DB-ABBC-26D1F80142E6}.Release|Any CPU.ActiveCfg = Release|Any CPU
		{6DF4FDD8-D33F-48DB-ABBC-26D1F80142E6}.Release|Any CPU.Build.0 = Release|Any CPU
		{72A93DCD-56FC-41A7-8B7E-69B3AC63240C}.Debug|Any CPU.ActiveCfg = Debug|Any CPU
		{72A93DCD-56FC-41A7-8B7E-69B3AC63240C}.Debug|Any CPU.Build.0 = Debug|Any CPU
		{72A93DCD-56FC-41A7-8B7E-69B3AC63240C}.Release|Any CPU.ActiveCfg = Release|Any CPU
		{72A93DCD-56FC-41A7-8B7E-69B3AC63240C}.Release|Any CPU.Build.0 = Release|Any CPU
	EndGlobalSection
	GlobalSection(SolutionProperties) = preSolution
		HideSolutionNode = FALSE
	EndGlobalSection
	GlobalSection(ExtensibilityGlobals) = postSolution
		SolutionGuid = {58216693-AC62-4296-95A2-D81895C8F01A}
	EndGlobalSection
EndGlobal
